
Microsoft Visual Studio Solution File, Format Version 12.00
# Visual Studio Version 17
VisualStudioVersion = 17.14.36811.4
MinimumVisualStudioVersion = 10.0.40219.1
Project("{2150E333-8FDC-42A3-9474-1A3956D46DE8}") = "Services", "Services", "{02EA681E-C7D8-13C7-8484-4AC65E1B71E8}"
EndProject
Project("{2150E333-8FDC-42A3-9474-1A3956D46DE8}") = "Catalog", "Catalog", "{E6202978-6F8B-4BEE-A65E-30739F9B3C77}"
EndProject
Project("{FAE04EC0-301F-11D3-BF4B-00C04F79EFBC}") = "MultiShop.Catalog", "Services\Catalog\MultiShop.Catalog\MultiShop.Catalog.csproj", "{50C4C61F-110A-46DB-8797-3CE72EAAF18E}"
EndProject
Project("{2150E333-8FDC-42A3-9474-1A3956D46DE8}") = "Discount", "Discount", "{F6684C72-7B4D-4308-B3A5-AC665A0AE4E1}"
EndProject
Project("{FAE04EC0-301F-11D3-BF4B-00C04F79EFBC}") = "MultiShop.Discount", "Services\Discount\MultiShop.Discount\MultiShop.Discount.csproj", "{2DC77083-2125-4784-8B6C-BC3033C2788A}"
EndProject
Project("{2150E333-8FDC-42A3-9474-1A3956D46DE8}") = "Order", "Order", "{133D823C-043C-4E77-8134-E25DB2227D3B}"
EndProject
Project("{2150E333-8FDC-42A3-9474-1A3956D46DE8}") = "Core", "Core", "{A0E050BE-6B20-4D28-905B-EBA5232095F3}"
EndProject
Project("{2150E333-8FDC-42A3-9474-1A3956D46DE8}") = "Infrastructure", "Infrastructure", "{5B45D1D0-4F26-4E28-BE70-B79B8DBF3216}"
EndProject
Project("{2150E333-8FDC-42A3-9474-1A3956D46DE8}") = "Presentation", "Presentation", "{603C7734-A36E-414D-B27F-553B1569C4FE}"
EndProject
Project("{FAE04EC0-301F-11D3-BF4B-00C04F79EFBC}") = "MultiShop.Order.Domain", "Services\Order\Core\MultiShop.Order.Domain\MultiShop.Order.Domain.csproj", "{F0F53BBB-9E34-4C07-B37A-C8C9EF26C349}"
EndProject
Project("{FAE04EC0-301F-11D3-BF4B-00C04F79EFBC}") = "MultiShop.Order.Application", "Services\Order\Core\MultiShop.Order.Application\MultiShop.Order.Application.csproj", "{108AF204-2209-4079-949B-4B85128F64DF}"
EndProject
Project("{FAE04EC0-301F-11D3-BF4B-00C04F79EFBC}") = "MultiShop.Order.Persistence", "Services\Order\Infrastucture\MultiShop.Order.Persistence\MultiShop.Order.Persistence.csproj", "{F72E1C2B-27A3-452E-831A-F622A9D6599F}"
EndProject
Project("{FAE04EC0-301F-11D3-BF4B-00C04F79EFBC}") = "MultiShop.Order.WebApi", "Services\Order\Presentation\MultiShop.Order.WebApi\MultiShop.Order.WebApi.csproj", "{D2D879A9-06A2-4EB7-AB98-CC537619A763}"
EndProject
Project("{2150E333-8FDC-42A3-9474-1A3956D46DE8}") = "IdentityServer", "IdentityServer", "{04077A45-384C-43BF-BF69-2F4AC5DE5C95}"
EndProject
Project("{FAE04EC0-301F-11D3-BF4B-00C04F79EFBC}") = "MultiShop.IdentityServer", "IdentityServer\MultiShop.IdentityServer\MultiShop.IdentityServer.csproj", "{EA14094F-FB55-5ABC-1402-B4229C4AD0B1}"
EndProject
Project("{2150E333-8FDC-42A3-9474-1A3956D46DE8}") = "Requirements", "Requirements", "{579AB861-5845-4097-AC24-D11878D395FF}"
	ProjectSection(SolutionItems) = preProject
		PortNumbers.txt = PortNumbers.txt
	EndProjectSection
EndProject
Project("{2150E333-8FDC-42A3-9474-1A3956D46DE8}") = "Cargo", "Cargo", "{F449EBFC-37A6-4B41-85B3-B6EB6799B613}"
EndProject
Project("{FAE04EC0-301F-11D3-BF4B-00C04F79EFBC}") = "MultiShop.Cargo.EntityLayer", "Services\Cargo\MultiShop.Cargo.EntityLayer\MultiShop.Cargo.EntityLayer.csproj", "{820D6E95-EC66-4C5E-A476-3D174FFDB38E}"
EndProject
Project("{FAE04EC0-301F-11D3-BF4B-00C04F79EFBC}") = "MultiShop.Cargo.BusinessLayer", "Services\Cargo\MultiShop.Cargo.BusinessLayer\MultiShop.Cargo.BusinessLayer.csproj", "{9F1919B4-29DC-448E-8F9D-CFAD8D77A825}"
EndProject
Project("{FAE04EC0-301F-11D3-BF4B-00C04F79EFBC}") = "MultiShop.Cargo.DataAccessLayer", "Services\Cargo\MultiShop.Cargo.DataAccessLayer\MultiShop.Cargo.DataAccessLayer.csproj", "{45016A18-F6A7-44E0-810B-A3CCBF0AD5EE}"
EndProject
Project("{FAE04EC0-301F-11D3-BF4B-00C04F79EFBC}") = "MultiShop.Cargo.DtoLayer", "Services\Cargo\MultiShop.Cargo.DtoLayer\MultiShop.Cargo.DtoLayer.csproj", "{CCC6E375-6141-4013-8FD3-4C9ED7BDBBDA}"
EndProject
Project("{FAE04EC0-301F-11D3-BF4B-00C04F79EFBC}") = "MultiShop.Cargo.WebApi", "Services\Cargo\MultiShop.Cargo.WebApi\MultiShop.Cargo.WebApi.csproj", "{81E595EF-A157-46AC-8F32-4E5D0E74FB7A}"
EndProject
Project("{2150E333-8FDC-42A3-9474-1A3956D46DE8}") = "Basket", "Basket", "{CB77F011-2568-4B6F-AB42-0AD1FB275BBB}"
EndProject
Project("{FAE04EC0-301F-11D3-BF4B-00C04F79EFBC}") = "MultiShop.Basket", "Services\Basket\MultiShop.Basket\MultiShop.Basket.csproj", "{73308E3C-6526-49BF-A33D-38437ED40248}"
EndProject
Project("{2150E333-8FDC-42A3-9474-1A3956D46DE8}") = "Frontends", "Frontends", "{E8FD1A95-9DEA-41AB-8041-C92D96CDA503}"
EndProject
Project("{FAE04EC0-301F-11D3-BF4B-00C04F79EFBC}") = "MultiShop.WebUI", "Frontends\MultiShop.WebUI\MultiShop.WebUI.csproj", "{CDA9F83A-401C-4490-B7DE-69DA08FF42BB}"
EndProject
Project("{FAE04EC0-301F-11D3-BF4B-00C04F79EFBC}") = "MultiShop.DtoLayer", "Frontends\MultiShop.DtoLayer\MultiShop.DtoLayer.csproj", "{C68475EF-AF9A-4570-BD6F-A576B1127ACD}"
EndProject
Project("{2150E333-8FDC-42A3-9474-1A3956D46DE8}") = "ApiGateway", "ApiGateway", "{F6418547-F0DE-430A-AAD2-A948A21DCFD4}"
EndProject
Project("{2150E333-8FDC-42A3-9474-1A3956D46DE8}") = "RabidApi", "RabidApi", "{5325A7D4-72EC-4DA6-8C44-8521D65EBB0A}"
EndProject
Project("{FAE04EC0-301F-11D3-BF4B-00C04F79EFBC}") = "MultiShop.OcelotGateway", "ApiGateway\MultiShop.OcelotGateway\MultiShop.OcelotGateway.csproj", "{AD8BC5CB-E357-4FD7-A6FE-8FD027EFF5D2}"
EndProject
Project("{2150E333-8FDC-42A3-9474-1A3956D46DE8}") = "Comment", "Comment", "{021AC8A2-7F67-484F-92A8-EE5DC2BE75AD}"
EndProject
Project("{FAE04EC0-301F-11D3-BF4B-00C04F79EFBC}") = "MultiShop.Comment", "Services\Comment\MultiShop.Comment\MultiShop.Comment.csproj", "{B5B5A6A7-01C1-46FD-8D60-54D815A89FB9}"
EndProject
Project("{2150E333-8FDC-42A3-9474-1A3956D46DE8}") = "Payment", "Payment", "{F56B051B-06E7-41A9-B5C8-ECFBAAC7EF9C}"
EndProject
Project("{FAE04EC0-301F-11D3-BF4B-00C04F79EFBC}") = "MultiShop.Payment", "Services\Payment\MultiShop.Payment\MultiShop.Payment.csproj", "{D158E987-E0F0-40C8-83E7-AC3CC76BACA1}"
EndProject
Project("{2150E333-8FDC-42A3-9474-1A3956D46DE8}") = "Images", "Images", "{9B2B4F01-968C-4BEB-AA1E-404187C5B5B9}"
EndProject
Project("{FAE04EC0-301F-11D3-BF4B-00C04F79EFBC}") = "MulltiShop.Images", "Services\Images\MulltiShop.Images\MulltiShop.Images.csproj", "{1229E39B-8799-488F-98A7-EB9974483595}"
EndProject
Project("{2150E333-8FDC-42A3-9474-1A3956D46DE8}") = "Message", "Message", "{2C3E5913-F1EC-4A41-B512-FA7F21297BFC}"
EndProject
Project("{FAE04EC0-301F-11D3-BF4B-00C04F79EFBC}") = "MultiShop.Message", "Services\Message\MultiShop.Message\MultiShop.Message.csproj", "{F9B477DF-5385-44EE-A033-C31A0093538C}"
EndProject
Project("{FAE04EC0-301F-11D3-BF4B-00C04F79EFBC}") = "MultiShop.AppHost", "MultiShop.AppHost\MultiShop.AppHost.csproj", "{8EB7C10A-9026-7B67-A923-774B6CADF005}"
EndProject
Project("{FAE04EC0-301F-11D3-BF4B-00C04F79EFBC}") = "MultiShop.ServiceDefaults", "MultiShop.ServiceDefaults\MultiShop.ServiceDefaults.csproj", "{47E90937-284F-E9D3-C626-A1B140DD2C45}"
EndProject
Project("{2150E333-8FDC-42A3-9474-1A3956D46DE8}") = "Solution Items", "Solution Items", "{8EC462FD-D22E-90A8-E5CE-7E832BA40C5D}"
	ProjectSection(SolutionItems) = preProject
		README.md = README.md
	EndProjectSection
EndProject
Project("{2150E333-8FDC-42A3-9474-1A3956D46DE8}") = "SignalRRealTime", "SignalRRealTime", "{8DCA503F-5EE3-4BC6-95AC-04541272BDC7}"
EndProject
Project("{FAE04EC0-301F-11D3-BF4B-00C04F79EFBC}") = "MultiShop.SignalRRealTimeApi", "Services\SignalRRealTime\MultiShop.SignalRRealTimeApi\MultiShop.SignalRRealTimeApi.csproj", "{7EAF71E5-575E-7DA9-DF21-748546D5A6A1}"
EndProject
Project("{2150E333-8FDC-42A3-9474-1A3956D46DE8}") = "RabbitMQMessage", "RabbitMQMessage", "{B1DF4D6E-0110-4519-B461-DF72087351B2}"
EndProject
Project("{FAE04EC0-301F-11D3-BF4B-00C04F79EFBC}") = "MultiShop.RabbitMQMessage", "Services\RabbitMQMessage\MultiShop.RabbitMQMessage\MultiShop.RabbitMQMessage.csproj", "{08AB2998-0D83-0CB3-DBA3-1600AB0F6112}"
EndProject
Project("{FAE04EC0-301F-11D3-BF4B-00C04F79EFBC}") = "MultiShop.RapidApiWebUI", "Services\RapidApi\MultiShop.RapidApiWebUI\MultiShop.RapidApiWebUI.csproj", "{94FE1B0C-657B-09D0-E401-8DBCB0E92A7D}"
EndProject
Global
	GlobalSection(SolutionConfigurationPlatforms) = preSolution
		Debug|Any CPU = Debug|Any CPU
		Release|Any CPU = Release|Any CPU
	EndGlobalSection
	GlobalSection(ProjectConfigurationPlatforms) = postSolution
		{50C4C61F-110A-46DB-8797-3CE72EAAF18E}.Debug|Any CPU.ActiveCfg = Debug|Any CPU
		{50C4C61F-110A-46DB-8797-3CE72EAAF18E}.Debug|Any CPU.Build.0 = Debug|Any CPU
		{50C4C61F-110A-46DB-8797-3CE72EAAF18E}.Release|Any CPU.ActiveCfg = Release|Any CPU
		{50C4C61F-110A-46DB-8797-3CE72EAAF18E}.Release|Any CPU.Build.0 = Release|Any CPU
		{2DC77083-2125-4784-8B6C-BC3033C2788A}.Debug|Any CPU.ActiveCfg = Debug|Any CPU
		{2DC77083-2125-4784-8B6C-BC3033C2788A}.Debug|Any CPU.Build.0 = Debug|Any CPU
		{2DC77083-2125-4784-8B6C-BC3033C2788A}.Release|Any CPU.ActiveCfg = Release|Any CPU
		{2DC77083-2125-4784-8B6C-BC3033C2788A}.Release|Any CPU.Build.0 = Release|Any CPU
		{F0F53BBB-9E34-4C07-B37A-C8C9EF26C349}.Debug|Any CPU.ActiveCfg = Debug|Any CPU
		{F0F53BBB-9E34-4C07-B37A-C8C9EF26C349}.Debug|Any CPU.Build.0 = Debug|Any CPU
		{F0F53BBB-9E34-4C07-B37A-C8C9EF26C349}.Release|Any CPU.ActiveCfg = Release|Any CPU
		{F0F53BBB-9E34-4C07-B37A-C8C9EF26C349}.Release|Any CPU.Build.0 = Release|Any CPU
		{108AF204-2209-4079-949B-4B85128F64DF}.Debug|Any CPU.ActiveCfg = Debug|Any CPU
		{108AF204-2209-4079-949B-4B85128F64DF}.Debug|Any CPU.Build.0 = Debug|Any CPU
		{108AF204-2209-4079-949B-4B85128F64DF}.Release|Any CPU.ActiveCfg = Release|Any CPU
		{108AF204-2209-4079-949B-4B85128F64DF}.Release|Any CPU.Build.0 = Release|Any CPU
		{F72E1C2B-27A3-452E-831A-F622A9D6599F}.Debug|Any CPU.ActiveCfg = Debug|Any CPU
		{F72E1C2B-27A3-452E-831A-F622A9D6599F}.Debug|Any CPU.Build.0 = Debug|Any CPU
		{F72E1C2B-27A3-452E-831A-F622A9D6599F}.Release|Any CPU.ActiveCfg = Release|Any CPU
		{F72E1C2B-27A3-452E-831A-F622A9D6599F}.Release|Any CPU.Build.0 = Release|Any CPU
		{D2D879A9-06A2-4EB7-AB98-CC537619A763}.Debug|Any CPU.ActiveCfg = Debug|Any CPU
		{D2D879A9-06A2-4EB7-AB98-CC537619A763}.Debug|Any CPU.Build.0 = Debug|Any CPU
		{D2D879A9-06A2-4EB7-AB98-CC537619A763}.Release|Any CPU.ActiveCfg = Release|Any CPU
		{D2D879A9-06A2-4EB7-AB98-CC537619A763}.Release|Any CPU.Build.0 = Release|Any CPU
		{EA14094F-FB55-5ABC-1402-B4229C4AD0B1}.Debug|Any CPU.ActiveCfg = Debug|Any CPU
		{EA14094F-FB55-5ABC-1402-B4229C4AD0B1}.Debug|Any CPU.Build.0 = Debug|Any CPU
		{EA14094F-FB55-5ABC-1402-B4229C4AD0B1}.Release|Any CPU.ActiveCfg = Release|Any CPU
		{EA14094F-FB55-5ABC-1402-B4229C4AD0B1}.Release|Any CPU.Build.0 = Release|Any CPU
		{820D6E95-EC66-4C5E-A476-3D174FFDB38E}.Debug|Any CPU.ActiveCfg = Debug|Any CPU
		{820D6E95-EC66-4C5E-A476-3D174FFDB38E}.Debug|Any CPU.Build.0 = Debug|Any CPU
		{820D6E95-EC66-4C5E-A476-3D174FFDB38E}.Release|Any CPU.ActiveCfg = Release|Any CPU
		{820D6E95-EC66-4C5E-A476-3D174FFDB38E}.Release|Any CPU.Build.0 = Release|Any CPU
		{9F1919B4-29DC-448E-8F9D-CFAD8D77A825}.Debug|Any CPU.ActiveCfg = Debug|Any CPU
		{9F1919B4-29DC-448E-8F9D-CFAD8D77A825}.Debug|Any CPU.Build.0 = Debug|Any CPU
		{9F1919B4-29DC-448E-8F9D-CFAD8D77A825}.Release|Any CPU.ActiveCfg = Release|Any CPU
		{9F1919B4-29DC-448E-8F9D-CFAD8D77A825}.Release|Any CPU.Build.0 = Release|Any CPU
		{45016A18-F6A7-44E0-810B-A3CCBF0AD5EE}.Debug|Any CPU.ActiveCfg = Debug|Any CPU
		{45016A18-F6A7-44E0-810B-A3CCBF0AD5EE}.Debug|Any CPU.Build.0 = Debug|Any CPU
		{45016A18-F6A7-44E0-810B-A3CCBF0AD5EE}.Release|Any CPU.ActiveCfg = Release|Any CPU
		{45016A18-F6A7-44E0-810B-A3CCBF0AD5EE}.Release|Any CPU.Build.0 = Release|Any CPU
		{CCC6E375-6141-4013-8FD3-4C9ED7BDBBDA}.Debug|Any CPU.ActiveCfg = Debug|Any CPU
		{CCC6E375-6141-4013-8FD3-4C9ED7BDBBDA}.Debug|Any CPU.Build.0 = Debug|Any CPU
		{CCC6E375-6141-4013-8FD3-4C9ED7BDBBDA}.Release|Any CPU.ActiveCfg = Release|Any CPU
		{CCC6E375-6141-4013-8FD3-4C9ED7BDBBDA}.Release|Any CPU.Build.0 = Release|Any CPU
		{81E595EF-A157-46AC-8F32-4E5D0E74FB7A}.Debug|Any CPU.ActiveCfg = Debug|Any CPU
		{81E595EF-A157-46AC-8F32-4E5D0E74FB7A}.Debug|Any CPU.Build.0 = Debug|Any CPU
		{81E595EF-A157-46AC-8F32-4E5D0E74FB7A}.Release|Any CPU.ActiveCfg = Release|Any CPU
		{81E595EF-A157-46AC-8F32-4E5D0E74FB7A}.Release|Any CPU.Build.0 = Release|Any CPU
		{73308E3C-6526-49BF-A33D-38437ED40248}.Debug|Any CPU.ActiveCfg = Debug|Any CPU
		{73308E3C-6526-49BF-A33D-38437ED40248}.Debug|Any CPU.Build.0 = Debug|Any CPU
		{73308E3C-6526-49BF-A33D-38437ED40248}.Release|Any CPU.ActiveCfg = Release|Any CPU
		{73308E3C-6526-49BF-A33D-38437ED40248}.Release|Any CPU.Build.0 = Release|Any CPU
		{CDA9F83A-401C-4490-B7DE-69DA08FF42BB}.Debug|Any CPU.ActiveCfg = Debug|Any CPU
		{CDA9F83A-401C-4490-B7DE-69DA08FF42BB}.Debug|Any CPU.Build.0 = Debug|Any CPU
		{CDA9F83A-401C-4490-B7DE-69DA08FF42BB}.Release|Any CPU.ActiveCfg = Release|Any CPU
		{CDA9F83A-401C-4490-B7DE-69DA08FF42BB}.Release|Any CPU.Build.0 = Release|Any CPU
		{C68475EF-AF9A-4570-BD6F-A576B1127ACD}.Debug|Any CPU.ActiveCfg = Debug|Any CPU
		{C68475EF-AF9A-4570-BD6F-A576B1127ACD}.Debug|Any CPU.Build.0 = Debug|Any CPU
		{C68475EF-AF9A-4570-BD6F-A576B1127ACD}.Release|Any CPU.ActiveCfg = Release|Any CPU
		{C68475EF-AF9A-4570-BD6F-A576B1127ACD}.Release|Any CPU.Build.0 = Release|Any CPU
		{AD8BC5CB-E357-4FD7-A6FE-8FD027EFF5D2}.Debug|Any CPU.ActiveCfg = Debug|Any CPU
		{AD8BC5CB-E357-4FD7-A6FE-8FD027EFF5D2}.Debug|Any CPU.Build.0 = Debug|Any CPU
		{AD8BC5CB-E357-4FD7-A6FE-8FD027EFF5D2}.Release|Any CPU.ActiveCfg = Release|Any CPU
		{AD8BC5CB-E357-4FD7-A6FE-8FD027EFF5D2}.Release|Any CPU.Build.0 = Release|Any CPU
		{B5B5A6A7-01C1-46FD-8D60-54D815A89FB9}.Debug|Any CPU.ActiveCfg = Debug|Any CPU
		{B5B5A6A7-01C1-46FD-8D60-54D815A89FB9}.Debug|Any CPU.Build.0 = Debug|Any CPU
		{B5B5A6A7-01C1-46FD-8D60-54D815A89FB9}.Release|Any CPU.ActiveCfg = Release|Any CPU
		{B5B5A6A7-01C1-46FD-8D60-54D815A89FB9}.Release|Any CPU.Build.0 = Release|Any CPU
		{D158E987-E0F0-40C8-83E7-AC3CC76BACA1}.Debug|Any CPU.ActiveCfg = Debug|Any CPU
		{D158E987-E0F0-40C8-83E7-AC3CC76BACA1}.Debug|Any CPU.Build.0 = Debug|Any CPU
		{D158E987-E0F0-40C8-83E7-AC3CC76BACA1}.Release|Any CPU.ActiveCfg = Release|Any CPU
		{D158E987-E0F0-40C8-83E7-AC3CC76BACA1}.Release|Any CPU.Build.0 = Release|Any CPU
		{1229E39B-8799-488F-98A7-EB9974483595}.Debug|Any CPU.ActiveCfg = Debug|Any CPU
		{1229E39B-8799-488F-98A7-EB9974483595}.Debug|Any CPU.Build.0 = Debug|Any CPU
		{1229E39B-8799-488F-98A7-EB9974483595}.Release|Any CPU.ActiveCfg = Release|Any CPU
		{1229E39B-8799-488F-98A7-EB9974483595}.Release|Any CPU.Build.0 = Release|Any CPU
		{F9B477DF-5385-44EE-A033-C31A0093538C}.Debug|Any CPU.ActiveCfg = Debug|Any CPU
		{F9B477DF-5385-44EE-A033-C31A0093538C}.Debug|Any CPU.Build.0 = Debug|Any CPU
		{F9B477DF-5385-44EE-A033-C31A0093538C}.Release|Any CPU.ActiveCfg = Release|Any CPU
		{F9B477DF-5385-44EE-A033-C31A0093538C}.Release|Any CPU.Build.0 = Release|Any CPU
		{8EB7C10A-9026-7B67-A923-774B6CADF005}.Debug|Any CPU.ActiveCfg = Debug|Any CPU
		{8EB7C10A-9026-7B67-A923-774B6CADF005}.Debug|Any CPU.Build.0 = Debug|Any CPU
		{8EB7C10A-9026-7B67-A923-774B6CADF005}.Release|Any CPU.ActiveCfg = Release|Any CPU
		{8EB7C10A-9026-7B67-A923-774B6CADF005}.Release|Any CPU.Build.0 = Release|Any CPU
		{47E90937-284F-E9D3-C626-A1B140DD2C45}.Debug|Any CPU.ActiveCfg = Debug|Any CPU
		{47E90937-284F-E9D3-C626-A1B140DD2C45}.Debug|Any CPU.Build.0 = Debug|Any CPU
		{47E90937-284F-E9D3-C626-A1B140DD2C45}.Release|Any CPU.ActiveCfg = Release|Any CPU
		{47E90937-284F-E9D3-C626-A1B140DD2C45}.Release|Any CPU.Build.0 = Release|Any CPU
		{7EAF71E5-575E-7DA9-DF21-748546D5A6A1}.Debug|Any CPU.ActiveCfg = Debug|Any CPU
		{7EAF71E5-575E-7DA9-DF21-748546D5A6A1}.Debug|Any CPU.Build.0 = Debug|Any CPU
		{7EAF71E5-575E-7DA9-DF21-748546D5A6A1}.Release|Any CPU.ActiveCfg = Release|Any CPU
		{7EAF71E5-575E-7DA9-DF21-748546D5A6A1}.Release|Any CPU.Build.0 = Release|Any CPU
		{08AB2998-0D83-0CB3-DBA3-1600AB0F6112}.Debug|Any CPU.ActiveCfg = Debug|Any CPU
		{08AB2998-0D83-0CB3-DBA3-1600AB0F6112}.Debug|Any CPU.Build.0 = Debug|Any CPU
		{08AB2998-0D83-0CB3-DBA3-1600AB0F6112}.Release|Any CPU.ActiveCfg = Release|Any CPU
		{08AB2998-0D83-0CB3-DBA3-1600AB0F6112}.Release|Any CPU.Build.0 = Release|Any CPU
		{94FE1B0C-657B-09D0-E401-8DBCB0E92A7D}.Debug|Any CPU.ActiveCfg = Debug|Any CPU
		{94FE1B0C-657B-09D0-E401-8DBCB0E92A7D}.Debug|Any CPU.Build.0 = Debug|Any CPU
		{94FE1B0C-657B-09D0-E401-8DBCB0E92A7D}.Release|Any CPU.ActiveCfg = Release|Any CPU
		{94FE1B0C-657B-09D0-E401-8DBCB0E92A7D}.Release|Any CPU.Build.0 = Release|Any CPU
	EndGlobalSection
	GlobalSection(SolutionProperties) = preSolution
		HideSolutionNode = FALSE
	EndGlobalSection
	GlobalSection(NestedProjects) = preSolution
		{E6202978-6F8B-4BEE-A65E-30739F9B3C77} = {02EA681E-C7D8-13C7-8484-4AC65E1B71E8}
		{50C4C61F-110A-46DB-8797-3CE72EAAF18E} = {E6202978-6F8B-4BEE-A65E-30739F9B3C77}
		{F6684C72-7B4D-4308-B3A5-AC665A0AE4E1} = {02EA681E-C7D8-13C7-8484-4AC65E1B71E8}
		{2DC77083-2125-4784-8B6C-BC3033C2788A} = {F6684C72-7B4D-4308-B3A5-AC665A0AE4E1}
		{133D823C-043C-4E77-8134-E25DB2227D3B} = {02EA681E-C7D8-13C7-8484-4AC65E1B71E8}
		{A0E050BE-6B20-4D28-905B-EBA5232095F3} = {133D823C-043C-4E77-8134-E25DB2227D3B}
		{5B45D1D0-4F26-4E28-BE70-B79B8DBF3216} = {133D823C-043C-4E77-8134-E25DB2227D3B}
		{603C7734-A36E-414D-B27F-553B1569C4FE} = {133D823C-043C-4E77-8134-E25DB2227D3B}
		{F0F53BBB-9E34-4C07-B37A-C8C9EF26C349} = {A0E050BE-6B20-4D28-905B-EBA5232095F3}
		{108AF204-2209-4079-949B-4B85128F64DF} = {A0E050BE-6B20-4D28-905B-EBA5232095F3}
		{F72E1C2B-27A3-452E-831A-F622A9D6599F} = {5B45D1D0-4F26-4E28-BE70-B79B8DBF3216}
		{D2D879A9-06A2-4EB7-AB98-CC537619A763} = {603C7734-A36E-414D-B27F-553B1569C4FE}
		{EA14094F-FB55-5ABC-1402-B4229C4AD0B1} = {04077A45-384C-43BF-BF69-2F4AC5DE5C95}
		{F449EBFC-37A6-4B41-85B3-B6EB6799B613} = {02EA681E-C7D8-13C7-8484-4AC65E1B71E8}
		{820D6E95-EC66-4C5E-A476-3D174FFDB38E} = {F449EBFC-37A6-4B41-85B3-B6EB6799B613}
		{9F1919B4-29DC-448E-8F9D-CFAD8D77A825} = {F449EBFC-37A6-4B41-85B3-B6EB6799B613}
		{45016A18-F6A7-44E0-810B-A3CCBF0AD5EE} = {F449EBFC-37A6-4B41-85B3-B6EB6799B613}
		{CCC6E375-6141-4013-8FD3-4C9ED7BDBBDA} = {F449EBFC-37A6-4B41-85B3-B6EB6799B613}
		{81E595EF-A157-46AC-8F32-4E5D0E74FB7A} = {F449EBFC-37A6-4B41-85B3-B6EB6799B613}
		{CB77F011-2568-4B6F-AB42-0AD1FB275BBB} = {02EA681E-C7D8-13C7-8484-4AC65E1B71E8}
		{73308E3C-6526-49BF-A33D-38437ED40248} = {CB77F011-2568-4B6F-AB42-0AD1FB275BBB}
		{CDA9F83A-401C-4490-B7DE-69DA08FF42BB} = {E8FD1A95-9DEA-41AB-8041-C92D96CDA503}
		{C68475EF-AF9A-4570-BD6F-A576B1127ACD} = {E8FD1A95-9DEA-41AB-8041-C92D96CDA503}
		{5325A7D4-72EC-4DA6-8C44-8521D65EBB0A} = {02EA681E-C7D8-13C7-8484-4AC65E1B71E8}
		{AD8BC5CB-E357-4FD7-A6FE-8FD027EFF5D2} = {F6418547-F0DE-430A-AAD2-A948A21DCFD4}
		{021AC8A2-7F67-484F-92A8-EE5DC2BE75AD} = {02EA681E-C7D8-13C7-8484-4AC65E1B71E8}
		{B5B5A6A7-01C1-46FD-8D60-54D815A89FB9} = {021AC8A2-7F67-484F-92A8-EE5DC2BE75AD}
		{F56B051B-06E7-41A9-B5C8-ECFBAAC7EF9C} = {02EA681E-C7D8-13C7-8484-4AC65E1B71E8}
		{D158E987-E0F0-40C8-83E7-AC3CC76BACA1} = {F56B051B-06E7-41A9-B5C8-ECFBAAC7EF9C}
		{9B2B4F01-968C-4BEB-AA1E-404187C5B5B9} = {02EA681E-C7D8-13C7-8484-4AC65E1B71E8}
		{1229E39B-8799-488F-98A7-EB9974483595} = {9B2B4F01-968C-4BEB-AA1E-404187C5B5B9}
		{2C3E5913-F1EC-4A41-B512-FA7F21297BFC} = {02EA681E-C7D8-13C7-8484-4AC65E1B71E8}
		{F9B477DF-5385-44EE-A033-C31A0093538C} = {2C3E5913-F1EC-4A41-B512-FA7F21297BFC}
		{8DCA503F-5EE3-4BC6-95AC-04541272BDC7} = {02EA681E-C7D8-13C7-8484-4AC65E1B71E8}
		{7EAF71E5-575E-7DA9-DF21-748546D5A6A1} = {8DCA503F-5EE3-4BC6-95AC-04541272BDC7}
		{B1DF4D6E-0110-4519-B461-DF72087351B2} = {02EA681E-C7D8-13C7-8484-4AC65E1B71E8}
		{08AB2998-0D83-0CB3-DBA3-1600AB0F6112} = {B1DF4D6E-0110-4519-B461-DF72087351B2}
		{94FE1B0C-657B-09D0-E401-8DBCB0E92A7D} = {5325A7D4-72EC-4DA6-8C44-8521D65EBB0A}
	EndGlobalSection
	GlobalSection(ExtensibilityGlobals) = postSolution
		SolutionGuid = {FD518782-7863-44CD-8C78-8EB9CE8E5FB4}
	EndGlobalSection
EndGlobal
