
Microsoft Visual Studio Solution File, Format Version 12.00
# Visual Studio Version 17
VisualStudioVersion = 17.14.36811.4 d17.14
MinimumVisualStudioVersion = 10.0.40219.1
Project("{2150E333-8FDC-42A3-9474-1A3956D46DE8}") = "Services", "Services", "{02EA681E-C7D8-13C7-8484-4AC65E1B71E8}"
EndProject
Project("{2150E333-8FDC-42A3-9474-1A3956D46DE8}") = "Catalog", "Catalog", "{E6202978-6F8B-4BEE-A65E-30739F9B3C77}"
EndProject
Project("{FAE04EC0-301F-11D3-BF4B-00C04F79EFBC}") = "MultiShop.Catalog", "Services\Catalog\MultiShop.Catalog\MultiShop.Catalog.csproj", "{50C4C61F-110A-46DB-8797-3CE72EAAF18E}"
EndProject
Project("{2150E333-8FDC-42A3-9474-1A3956D46DE8}") = "Discount", "Discount", "{F6684C72-7B4D-4308-B3A5-AC665A0AE4E1}"
EndProject
Project("{FAE04EC0-301F-11D3-BF4B-00C04F79EFBC}") = "MultiShop.Discount", "Services\Discount\MultiShop.Discount\MultiShop.Discount.csproj", "{2DC77083-2125-4784-8B6C-BC3033C2788A}"
EndProject
Global
	GlobalSection(SolutionConfigurationPlatforms) = preSolution
		Debug|Any CPU = Debug|Any CPU
		Release|Any CPU = Release|Any CPU
	EndGlobalSection
	GlobalSection(ProjectConfigurationPlatforms) = postSolution
		{50C4C61F-110A-46DB-8797-3CE72EAAF18E}.Debug|Any CPU.ActiveCfg = Debug|Any CPU
		{50C4C61F-110A-46DB-8797-3CE72EAAF18E}.Debug|Any CPU.Build.0 = Debug|Any CPU
		{50C4C61F-110A-46DB-8797-3CE72EAAF18E}.Release|Any CPU.ActiveCfg = Release|Any CPU
		{50C4C61F-110A-46DB-8797-3CE72EAAF18E}.Release|Any CPU.Build.0 = Release|Any CPU
		{2DC77083-2125-4784-8B6C-BC3033C2788A}.Debug|Any CPU.ActiveCfg = Debug|Any CPU
		{2DC77083-2125-4784-8B6C-BC3033C2788A}.Debug|Any CPU.Build.0 = Debug|Any CPU
		{2DC77083-2125-4784-8B6C-BC3033C2788A}.Release|Any CPU.ActiveCfg = Release|Any CPU
		{2DC77083-2125-4784-8B6C-BC3033C2788A}.Release|Any CPU.Build.0 = Release|Any CPU
	EndGlobalSection
	GlobalSection(SolutionProperties) = preSolution
		HideSolutionNode = FALSE
	EndGlobalSection
	GlobalSection(NestedProjects) = preSolution
		{E6202978-6F8B-4BEE-A65E-30739F9B3C77} = {02EA681E-C7D8-13C7-8484-4AC65E1B71E8}
		{50C4C61F-110A-46DB-8797-3CE72EAAF18E} = {E6202978-6F8B-4BEE-A65E-30739F9B3C77}
		{F6684C72-7B4D-4308-B3A5-AC665A0AE4E1} = {02EA681E-C7D8-13C7-8484-4AC65E1B71E8}
		{2DC77083-2125-4784-8B6C-BC3033C2788A} = {F6684C72-7B4D-4308-B3A5-AC665A0AE4E1}
	EndGlobalSection
	GlobalSection(ExtensibilityGlobals) = postSolution
		SolutionGuid = {FD518782-7863-44CD-8C78-8EB9CE8E5FB4}
	EndGlobalSection
EndGlobal
